
Microsoft Visual Studio Solution File, Format Version 12.00
# Visual Studio Version 17
VisualStudioVersion = 17.5.002.0
MinimumVisualStudioVersion = 10.0.40219.1
Project("{9A19103F-16F7-4668-BE54-9A1E7A4F7556}") = "Factory", "Factory.csproj", "{966FCA8A-5FA1-47C7-9402-DEFC7AF4A899}"
EndProject
Global
	GlobalSection(SolutionConfigurationPlatforms) = preSolution
		Debug|Any CPU = Debug|Any CPU
		Release|Any CPU = Release|Any CPU
	EndGlobalSection
	GlobalSection(ProjectConfigurationPlatforms) = postSolution
		{966FCA8A-5FA1-47C7-9402-DEFC7AF4A899}.Debug|Any CPU.ActiveCfg = Debug|Any CPU
		{966FCA8A-5FA1-47C7-9402-DEFC7AF4A899}.Debug|Any CPU.Build.0 = Debug|Any CPU
		{966FCA8A-5FA1-47C7-9402-DEFC7AF4A899}.Release|Any CPU.ActiveCfg = Release|Any CPU
		{966FCA8A-5FA1-47C7-9402-DEFC7AF4A899}.Release|Any CPU.Build.0 = Release|Any CPU
	EndGlobalSection
	GlobalSection(SolutionProperties) = preSolution
		HideSolutionNode = FALSE
	EndGlobalSection
	GlobalSection(ExtensibilityGlobals) = postSolution
		SolutionGuid = {EE8DD309-8615-4F57-A235-7F9CDD65D4DF}
	EndGlobalSection
EndGlobal
